
Microsoft Visual Studio Solution File, Format Version 12.00
# Visual Studio Version 16
VisualStudioVersion = 25.0.1706.7
MinimumVisualStudioVersion = 10.0.40219.1
Project("{FAE04EC0-301F-11D3-BF4B-00C04F79EFBC}") = "MagicVilla_VillaAPI", "MagicVilla_VillaAPI\MagicVilla_VillaAPI.csproj", "{47904AFC-81F9-414E-BE9E-1D89EC658CD1}"
EndProject
Global
	GlobalSection(SolutionConfigurationPlatforms) = preSolution
		Debug|Any CPU = Debug|Any CPU
		Release|Any CPU = Release|Any CPU
	EndGlobalSection
	GlobalSection(ProjectConfigurationPlatforms) = postSolution
		{47904AFC-81F9-414E-BE9E-1D89EC658CD1}.Debug|Any CPU.ActiveCfg = Debug|Any CPU
		{47904AFC-81F9-414E-BE9E-1D89EC658CD1}.Debug|Any CPU.Build.0 = Debug|Any CPU
		{47904AFC-81F9-414E-BE9E-1D89EC658CD1}.Release|Any CPU.ActiveCfg = Release|Any CPU
		{47904AFC-81F9-414E-BE9E-1D89EC658CD1}.Release|Any CPU.Build.0 = Release|Any CPU
	EndGlobalSection
	GlobalSection(SolutionProperties) = preSolution
		HideSolutionNode = FALSE
	EndGlobalSection
	GlobalSection(ExtensibilityGlobals) = postSolution
		SolutionGuid = {A0D01CE7-6664-4DD2-A644-E7FC9827D3E1}
	EndGlobalSection
EndGlobal
